github.com/BurntSushi/toml v1.3.0 h1:Ws8e5YmnrGEHzZEzg0YvK/7COGYtTC5PbaH9oSSbgfA=
github.com/BurntSushi/toml v1.3.0/go.mod h1:CxXYINrC8qIiEnFrOxCa7Jy5BFHlXnUU2pbicEuybxQ=
golang.org/x/sys v0.8.0 h1:EBmGv8NaZBZTWvrbjNoL6HVt+IVy3QDQpJs7VRIw3tU=
golang.org/x/sys v0.8.0/go.mod h1:oPkhp1MJrh7nUepCBck5+mAzfO9JrbApNNgaTdGDITg=
